
Microsoft Visual Studio Solution File, Format Version 12.00
# Visual Studio Version 17
VisualStudioVersion = 17.11.35327.3
MinimumVisualStudioVersion = 10.0.40219.1
Project("{FAE04EC0-301F-11D3-BF4B-00C04F79EFBC}") = "ConsoleApp29", "ConsoleApp29\ConsoleApp29.csproj", "{65CC4A59-F570-4A2F-9A55-00EC7E6F3EDC}"
EndProject
Global
	GlobalSection(SolutionConfigurationPlatforms) = preSolution
		Debug|Any CPU = Debug|Any CPU
		Release|Any CPU = Release|Any CPU
	EndGlobalSection
	GlobalSection(ProjectConfigurationPlatforms) = postSolution
		{65CC4A59-F570-4A2F-9A55-00EC7E6F3EDC}.Debug|Any CPU.ActiveCfg = Debug|Any CPU
		{65CC4A59-F570-4A2F-9A55-00EC7E6F3EDC}.Debug|Any CPU.Build.0 = Debug|Any CPU
		{65CC4A59-F570-4A2F-9A55-00EC7E6F3EDC}.Release|Any CPU.ActiveCfg = Release|Any CPU
		{65CC4A59-F570-4A2F-9A55-00EC7E6F3EDC}.Release|Any CPU.Build.0 = Release|Any CPU
	EndGlobalSection
	GlobalSection(SolutionProperties) = preSolution
		HideSolutionNode = FALSE
	EndGlobalSection
	GlobalSection(ExtensibilityGlobals) = postSolution
		SolutionGuid = {0FD05DC4-935B-4AB6-BCCC-ACE9CA93695A}
	EndGlobalSection
EndGlobal
